// !$*UTF8*$!
{
	archiveVersion = 1;
	classes = {
	};
	objectVersion = 51;
	objects = {

/* Begin PBXBuildFile section */
		8818275725086C5F00ED04A8 /* IncomeDetailListController.m in Sources */ = {isa = PBXBuildFile; fileRef = 8818275625086C5F00ED04A8 /* IncomeDetailListController.m */; };
		881827732508C38D00ED04A8 /* TypeSelectView.xib in Resources */ = {isa = PBXBuildFile; fileRef = 881827722508C38D00ED04A8 /* TypeSelectView.xib */; };
		881827762508CB1100ED04A8 /* TypeSelectView.m in Sources */ = {isa = PBXBuildFile; fileRef = 881827752508CB1100ED04A8 /* TypeSelectView.m */; };
		881935A725060BC200E096BB /* ApiCollector.m in Sources */ = {isa = PBXBuildFile; fileRef = 881935A625060BC200E096BB /* ApiCollector.m */; };
		881935AD25060ED300E096BB /* MemberCenterHeaderView.m in Sources */ = {isa = PBXBuildFile; fileRef = 881935AC25060ED300E096BB /* MemberCenterHeaderView.m */; };
		881935AF25060EE000E096BB /* MemberCenterHeaderView.xib in Resources */ = {isa = PBXBuildFile; fileRef = 881935AE25060EE000E096BB /* MemberCenterHeaderView.xib */; };
		881935B3250611F800E096BB /* MemberCenterCell.m in Sources */ = {isa = PBXBuildFile; fileRef = 881935B1250611F800E096BB /* MemberCenterCell.m */; };
		881935B4250611F800E096BB /* MemberCenterCell.xib in Resources */ = {isa = PBXBuildFile; fileRef = 881935B2250611F800E096BB /* MemberCenterCell.xib */; };
		8838AD3524FF29D100A61075 /* VIPContrainerController.m in Sources */ = {isa = PBXBuildFile; fileRef = 8838AD3324FF29D100A61075 /* VIPContrainerController.m */; };
		8838AD3624FF29D100A61075 /* VIPContrainerController.xib in Resources */ = {isa = PBXBuildFile; fileRef = 8838AD3424FF29D100A61075 /* VIPContrainerController.xib */; };
		8838AD3A24FF2DFB00A61075 /* VIPMembersController.m in Sources */ = {isa = PBXBuildFile; fileRef = 8838AD3824FF2DFB00A61075 /* VIPMembersController.m */; };
		8838AD3B24FF2DFB00A61075 /* VIPMembersController.xib in Resources */ = {isa = PBXBuildFile; fileRef = 8838AD3924FF2DFB00A61075 /* VIPMembersController.xib */; };
		8838AD3F24FF2E1500A61075 /* SVIPMembersController.m in Sources */ = {isa = PBXBuildFile; fileRef = 8838AD3D24FF2E1500A61075 /* SVIPMembersController.m */; };
		8838AD4024FF2E1500A61075 /* SVIPMembersController.xib in Resources */ = {isa = PBXBuildFile; fileRef = 8838AD3E24FF2E1500A61075 /* SVIPMembersController.xib */; };
		8838AD4625007B1400A61075 /* MembershipInterestsAlterView.m in Sources */ = {isa = PBXBuildFile; fileRef = 8838AD4525007B1400A61075 /* MembershipInterestsAlterView.m */; };
		8838AD4925007B3000A61075 /* MembershipInterestsAlterView.xib in Resources */ = {isa = PBXBuildFile; fileRef = 8838AD4825007B3000A61075 /* MembershipInterestsAlterView.xib */; };
		8838AD4C2500BE0E00A61075 /* CALayer+Extension.m in Sources */ = {isa = PBXBuildFile; fileRef = 8838AD4B2500BE0E00A61075 /* CALayer+Extension.m */; };
		8838AD842501F10000A61075 /* MemberCenterController.m in Sources */ = {isa = PBXBuildFile; fileRef = 8838AD822501F10000A61075 /* MemberCenterController.m */; };
		887F3C8324FDF2B700FDA334 /* AppDelegate.m in Sources */ = {isa = PBXBuildFile; fileRef = 887F3C8224FDF2B700FDA334 /* AppDelegate.m */; };
		887F3C8624FDF2B700FDA334 /* SceneDelegate.m in Sources */ = {isa = PBXBuildFile; fileRef = 887F3C8524FDF2B700FDA334 /* SceneDelegate.m */; };
		887F3C8924FDF2B700FDA334 /* ViewController.m in Sources */ = {isa = PBXBuildFile; fileRef = 887F3C8824FDF2B700FDA334 /* ViewController.m */; };
		887F3C8C24FDF2B700FDA334 /* Main.storyboard in Resources */ = {isa = PBXBuildFile; fileRef = 887F3C8A24FDF2B700FDA334 /* Main.storyboard */; };
		887F3C8E24FDF2B900FDA334 /* Assets.xcassets in Resources */ = {isa = PBXBuildFile; fileRef = 887F3C8D24FDF2B900FDA334 /* Assets.xcassets */; };
		887F3C9124FDF2B900FDA334 /* LaunchScreen.storyboard in Resources */ = {isa = PBXBuildFile; fileRef = 887F3C8F24FDF2B900FDA334 /* LaunchScreen.storyboard */; };
		887F3C9424FDF2B900FDA334 /* main.m in Sources */ = {isa = PBXBuildFile; fileRef = 887F3C9324FDF2B900FDA334 /* main.m */; };
		887F3CA724FDF3C700FDA334 /* QXHostNameManager.m in Sources */ = {isa = PBXBuildFile; fileRef = 887F3CA324FDF2CA00FDA334 /* QXHostNameManager.m */; };
		887F3CA824FDF3CF00FDA334 /* QXLoginGetSmsCode.m in Sources */ = {isa = PBXBuildFile; fileRef = 887F3C9B24FDF2CA00FDA334 /* QXLoginGetSmsCode.m */; };
		887F3CA924FDF3D600FDA334 /* QXRespone.m in Sources */ = {isa = PBXBuildFile; fileRef = 887F3CA224FDF2CA00FDA334 /* QXRespone.m */; };
		887F3CAA24FDF3DC00FDA334 /* QXFetchUserInfo.m in Sources */ = {isa = PBXBuildFile; fileRef = 887F3C9E24FDF2CA00FDA334 /* QXFetchUserInfo.m */; };
		887F3CAB24FDF5E100FDA334 /* QXLoginSmsApi.m in Sources */ = {isa = PBXBuildFile; fileRef = 887F3CA424FDF2CA00FDA334 /* QXLoginSmsApi.m */; };
		887F3CAC24FDF5E300FDA334 /* QXBaseRequest.m in Sources */ = {isa = PBXBuildFile; fileRef = 887F3CA524FDF2CA00FDA334 /* QXBaseRequest.m */; };
		889E3EFD2509FD930056740B /* IncomeDetailsController.m in Sources */ = {isa = PBXBuildFile; fileRef = 889E3EFB2509FD930056740B /* IncomeDetailsController.m */; };
		889E3F05250A06600056740B /* MyViewController.m in Sources */ = {isa = PBXBuildFile; fileRef = 889E3F04250A06600056740B /* MyViewController.m */; };
		88B1DC7C2509D8C400367BE4 /* BaseXibView.m in Sources */ = {isa = PBXBuildFile; fileRef = 88B1DC7B2509D8C400367BE4 /* BaseXibView.m */; };
		88B1DC862509F8E000367BE4 /* IncomeDetailsController.xib in Resources */ = {isa = PBXBuildFile; fileRef = 88B1DC842509F8E000367BE4 /* IncomeDetailsController.xib */; };
		962ABB8B1B95FE1EB2C94DCA /* Pods_QXMember.framework in Frameworks */ = {isa = PBXBuildFile; fileRef = F9D124D3F5DBF9DB485B63E1 /* Pods_QXMember.framework */; };
/* End PBXBuildFile section */

/* Begin PBXFileReference section */
		6E513B0FAAEB3669C5D4FD1F /* Pods-QXMember.release.xcconfig */ = {isa = PBXFileReference; includeInIndex = 1; lastKnownFileType = text.xcconfig; name = "Pods-QXMember.release.xcconfig"; path = "Target Support Files/Pods-QXMember/Pods-QXMember.release.xcconfig"; sourceTree = "<group>"; };
		8818275525086C5F00ED04A8 /* IncomeDetailListController.h */ = {isa = PBXFileReference; lastKnownFileType = sourcecode.c.h; path = IncomeDetailListController.h; sourceTree = "<group>"; };
		8818275625086C5F00ED04A8 /* IncomeDetailListController.m */ = {isa = PBXFileReference; lastKnownFileType = sourcecode.c.objc; path = IncomeDetailListController.m; sourceTree = "<group>"; };
		881827622508A49800ED04A8 /* QXDefine.h */ = {isa = PBXFileReference; lastKnownFileType = sourcecode.c.h; path = QXDefine.h; sourceTree = "<group>"; };
		881827722508C38D00ED04A8 /* TypeSelectView.xib */ = {isa = PBXFileReference; lastKnownFileType = file.xib; path = TypeSelectView.xib; sourceTree = "<group>"; };
		881827742508CB1100ED04A8 /* TypeSelectView.h */ = {isa = PBXFileReference; lastKnownFileType = sourcecode.c.h; path = TypeSelectView.h; sourceTree = "<group>"; };
		881827752508CB1100ED04A8 /* TypeSelectView.m */ = {isa = PBXFileReference; lastKnownFileType = sourcecode.c.objc; path = TypeSelectView.m; sourceTree = "<group>"; };
		881935A525060BC200E096BB /* ApiCollector.h */ = {isa = PBXFileReference; lastKnownFileType = sourcecode.c.h; path = ApiCollector.h; sourceTree = "<group>"; };
		881935A625060BC200E096BB /* ApiCollector.m */ = {isa = PBXFileReference; lastKnownFileType = sourcecode.c.objc; path = ApiCollector.m; sourceTree = "<group>"; };
		881935AB25060ED300E096BB /* MemberCenterHeaderView.h */ = {isa = PBXFileReference; lastKnownFileType = sourcecode.c.h; path = MemberCenterHeaderView.h; sourceTree = "<group>"; };
		881935AC25060ED300E096BB /* MemberCenterHeaderView.m */ = {isa = PBXFileReference; lastKnownFileType = sourcecode.c.objc; path = MemberCenterHeaderView.m; sourceTree = "<group>"; };
		881935AE25060EE000E096BB /* MemberCenterHeaderView.xib */ = {isa = PBXFileReference; lastKnownFileType = file.xib; path = MemberCenterHeaderView.xib; sourceTree = "<group>"; };
		881935B0250611F800E096BB /* MemberCenterCell.h */ = {isa = PBXFileReference; lastKnownFileType = sourcecode.c.h; path = MemberCenterCell.h; sourceTree = "<group>"; };
		881935B1250611F800E096BB /* MemberCenterCell.m */ = {isa = PBXFileReference; lastKnownFileType = sourcecode.c.objc; path = MemberCenterCell.m; sourceTree = "<group>"; };
		881935B2250611F800E096BB /* MemberCenterCell.xib */ = {isa = PBXFileReference; lastKnownFileType = file.xib; path = MemberCenterCell.xib; sourceTree = "<group>"; };
		8838AD3224FF29D100A61075 /* VIPContrainerController.h */ = {isa = PBXFileReference; lastKnownFileType = sourcecode.c.h; path = VIPContrainerController.h; sourceTree = "<group>"; };
		8838AD3324FF29D100A61075 /* VIPContrainerController.m */ = {isa = PBXFileReference; lastKnownFileType = sourcecode.c.objc; path = VIPContrainerController.m; sourceTree = "<group>"; };
		8838AD3424FF29D100A61075 /* VIPContrainerController.xib */ = {isa = PBXFileReference; lastKnownFileType = file.xib; path = VIPContrainerController.xib; sourceTree = "<group>"; };
		8838AD3724FF2DFB00A61075 /* VIPMembersController.h */ = {isa = PBXFileReference; lastKnownFileType = sourcecode.c.h; path = VIPMembersController.h; sourceTree = "<group>"; };
		8838AD3824FF2DFB00A61075 /* VIPMembersController.m */ = {isa = PBXFileReference; lastKnownFileType = sourcecode.c.objc; path = VIPMembersController.m; sourceTree = "<group>"; };
		8838AD3924FF2DFB00A61075 /* VIPMembersController.xib */ = {isa = PBXFileReference; lastKnownFileType = file.xib; path = VIPMembersController.xib; sourceTree = "<group>"; };
		8838AD3C24FF2E1500A61075 /* SVIPMembersController.h */ = {isa = PBXFileReference; lastKnownFileType = sourcecode.c.h; path = SVIPMembersController.h; sourceTree = "<group>"; };
		8838AD3D24FF2E1500A61075 /* SVIPMembersController.m */ = {isa = PBXFileReference; lastKnownFileType = sourcecode.c.objc; path = SVIPMembersController.m; sourceTree = "<group>"; };
		8838AD3E24FF2E1500A61075 /* SVIPMembersController.xib */ = {isa = PBXFileReference; lastKnownFileType = file.xib; path = SVIPMembersController.xib; sourceTree = "<group>"; };
		8838AD4425007B1400A61075 /* MembershipInterestsAlterView.h */ = {isa = PBXFileReference; lastKnownFileType = sourcecode.c.h; path = MembershipInterestsAlterView.h; sourceTree = "<group>"; };
		8838AD4525007B1400A61075 /* MembershipInterestsAlterView.m */ = {isa = PBXFileReference; lastKnownFileType = sourcecode.c.objc; path = MembershipInterestsAlterView.m; sourceTree = "<group>"; };
		8838AD4825007B3000A61075 /* MembershipInterestsAlterView.xib */ = {isa = PBXFileReference; lastKnownFileType = file.xib; path = MembershipInterestsAlterView.xib; sourceTree = "<group>"; };
		8838AD4A2500BE0E00A61075 /* CALayer+Extension.h */ = {isa = PBXFileReference; lastKnownFileType = sourcecode.c.h; path = "CALayer+Extension.h"; sourceTree = "<group>"; };
		8838AD4B2500BE0E00A61075 /* CALayer+Extension.m */ = {isa = PBXFileReference; lastKnownFileType = sourcecode.c.objc; path = "CALayer+Extension.m"; sourceTree = "<group>"; };
		8838AD812501F10000A61075 /* MemberCenterController.h */ = {isa = PBXFileReference; lastKnownFileType = sourcecode.c.h; path = MemberCenterController.h; sourceTree = "<group>"; };
		8838AD822501F10000A61075 /* MemberCenterController.m */ = {isa = PBXFileReference; lastKnownFileType = sourcecode.c.objc; path = MemberCenterController.m; sourceTree = "<group>"; };
		887F3C7E24FDF2B700FDA334 /* QXMember.app */ = {isa = PBXFileReference; explicitFileType = wrapper.application; includeInIndex = 0; path = QXMember.app; sourceTree = BUILT_PRODUCTS_DIR; };
		887F3C8124FDF2B700FDA334 /* AppDelegate.h */ = {isa = PBXFileReference; lastKnownFileType = sourcecode.c.h; path = AppDelegate.h; sourceTree = "<group>"; };
		887F3C8224FDF2B700FDA334 /* AppDelegate.m */ = {isa = PBXFileReference; lastKnownFileType = sourcecode.c.objc; path = AppDelegate.m; sourceTree = "<group>"; };
		887F3C8424FDF2B700FDA334 /* SceneDelegate.h */ = {isa = PBXFileReference; lastKnownFileType = sourcecode.c.h; path = SceneDelegate.h; sourceTree = "<group>"; };
		887F3C8524FDF2B700FDA334 /* SceneDelegate.m */ = {isa = PBXFileReference; lastKnownFileType = sourcecode.c.objc; path = SceneDelegate.m; sourceTree = "<group>"; };
		887F3C8724FDF2B700FDA334 /* ViewController.h */ = {isa = PBXFileReference; lastKnownFileType = sourcecode.c.h; path = ViewController.h; sourceTree = "<group>"; };
		887F3C8824FDF2B700FDA334 /* ViewController.m */ = {isa = PBXFileReference; lastKnownFileType = sourcecode.c.objc; path = ViewController.m; sourceTree = "<group>"; };
		887F3C8B24FDF2B700FDA334 /* Base */ = {isa = PBXFileReference; lastKnownFileType = file.storyboard; name = Base; path = Base.lproj/Main.storyboard; sourceTree = "<group>"; };
		887F3C8D24FDF2B900FDA334 /* Assets.xcassets */ = {isa = PBXFileReference; lastKnownFileType = folder.assetcatalog; path = Assets.xcassets; sourceTree = "<group>"; };
		887F3C9024FDF2B900FDA334 /* Base */ = {isa = PBXFileReference; lastKnownFileType = file.storyboard; name = Base; path = Base.lproj/LaunchScreen.storyboard; sourceTree = "<group>"; };
		887F3C9224FDF2B900FDA334 /* Info.plist */ = {isa = PBXFileReference; lastKnownFileType = text.plist.xml; path = Info.plist; sourceTree = "<group>"; };
		887F3C9324FDF2B900FDA334 /* main.m */ = {isa = PBXFileReference; lastKnownFileType = sourcecode.c.objc; path = main.m; sourceTree = "<group>"; };
		887F3C9B24FDF2CA00FDA334 /* QXLoginGetSmsCode.m */ = {isa = PBXFileReference; lastKnownFileType = sourcecode.c.objc; path = QXLoginGetSmsCode.m; sourceTree = "<group>"; };
		887F3C9C24FDF2CA00FDA334 /* QXHostNameManager.h */ = {isa = PBXFileReference; lastKnownFileType = sourcecode.c.h; path = QXHostNameManager.h; sourceTree = "<group>"; };
		887F3C9D24FDF2CA00FDA334 /* QXRespone.h */ = {isa = PBXFileReference; lastKnownFileType = sourcecode.c.h; path = QXRespone.h; sourceTree = "<group>"; };
		887F3C9E24FDF2CA00FDA334 /* QXFetchUserInfo.m */ = {isa = PBXFileReference; lastKnownFileType = sourcecode.c.objc; path = QXFetchUserInfo.m; sourceTree = "<group>"; };
		887F3C9F24FDF2CA00FDA334 /* QXBaseRequest.h */ = {isa = PBXFileReference; lastKnownFileType = sourcecode.c.h; path = QXBaseRequest.h; sourceTree = "<group>"; };
		887F3CA024FDF2CA00FDA334 /* QXLoginSmsApi.h */ = {isa = PBXFileReference; lastKnownFileType = sourcecode.c.h; path = QXLoginSmsApi.h; sourceTree = "<group>"; };
		887F3CA124FDF2CA00FDA334 /* QXLoginGetSmsCode.h */ = {isa = PBXFileReference; lastKnownFileType = sourcecode.c.h; path = QXLoginGetSmsCode.h; sourceTree = "<group>"; };
		887F3CA224FDF2CA00FDA334 /* QXRespone.m */ = {isa = PBXFileReference; lastKnownFileType = sourcecode.c.objc; path = QXRespone.m; sourceTree = "<group>"; };
		887F3CA324FDF2CA00FDA334 /* QXHostNameManager.m */ = {isa = PBXFileReference; lastKnownFileType = sourcecode.c.objc; path = QXHostNameManager.m; sourceTree = "<group>"; };
		887F3CA424FDF2CA00FDA334 /* QXLoginSmsApi.m */ = {isa = PBXFileReference; lastKnownFileType = sourcecode.c.objc; path = QXLoginSmsApi.m; sourceTree = "<group>"; };
		887F3CA524FDF2CA00FDA334 /* QXBaseRequest.m */ = {isa = PBXFileReference; lastKnownFileType = sourcecode.c.objc; path = QXBaseRequest.m; sourceTree = "<group>"; };
		887F3CA624FDF2CA00FDA334 /* QXFetchUserInfo.h */ = {isa = PBXFileReference; lastKnownFileType = sourcecode.c.h; path = QXFetchUserInfo.h; sourceTree = "<group>"; };
		889E3EFB2509FD930056740B /* IncomeDetailsController.m */ = {isa = PBXFileReference; fileEncoding = 4; lastKnownFileType = sourcecode.c.objc; path = IncomeDetailsController.m; sourceTree = "<group>"; };
		889E3EFC2509FD930056740B /* IncomeDetailsController.h */ = {isa = PBXFileReference; fileEncoding = 4; lastKnownFileType = sourcecode.c.h; path = IncomeDetailsController.h; sourceTree = "<group>"; };
		889E3F03250A06600056740B /* MyViewController.h */ = {isa = PBXFileReference; lastKnownFileType = sourcecode.c.h; path = MyViewController.h; sourceTree = "<group>"; };
		889E3F04250A06600056740B /* MyViewController.m */ = {isa = PBXFileReference; lastKnownFileType = sourcecode.c.objc; path = MyViewController.m; sourceTree = "<group>"; };
		88B1DC7A2509D8C400367BE4 /* BaseXibView.h */ = {isa = PBXFileReference; lastKnownFileType = sourcecode.c.h; path = BaseXibView.h; sourceTree = "<group>"; };
		88B1DC7B2509D8C400367BE4 /* BaseXibView.m */ = {isa = PBXFileReference; lastKnownFileType = sourcecode.c.objc; path = BaseXibView.m; sourceTree = "<group>"; };
		88B1DC842509F8E000367BE4 /* IncomeDetailsController.xib */ = {isa = PBXFileReference; lastKnownFileType = file.xib; path = IncomeDetailsController.xib; sourceTree = "<group>"; };
		F6E65C2174057F946CA9866D /* Pods-QXMember.debug.xcconfig */ = {isa = PBXFileReference; includeInIndex = 1; lastKnownFileType = text.xcconfig; name = "Pods-QXMember.debug.xcconfig"; path = "Target Support Files/Pods-QXMember/Pods-QXMember.debug.xcconfig"; sourceTree = "<group>"; };
		F9D124D3F5DBF9DB485B63E1 /* Pods_QXMember.framework */ = {isa = PBXFileReference; explicitFileType = wrapper.framework; includeInIndex = 0; path = Pods_QXMember.framework; sourceTree = BUILT_PRODUCTS_DIR; };
/* End PBXFileReference section */

/* Begin PBXFrameworksBuildPhase section */
		887F3C7B24FDF2B700FDA334 /* Frameworks */ = {
			isa = PBXFrameworksBuildPhase;
			buildActionMask = 2147483647;
			files = (
				962ABB8B1B95FE1EB2C94DCA /* Pods_QXMember.framework in Frameworks */,
			);
			runOnlyForDeploymentPostprocessing = 0;
		};
/* End PBXFrameworksBuildPhase section */

/* Begin PBXGroup section */
		0F3B7924B965602EF0ABFF9D /* Frameworks */ = {
			isa = PBXGroup;
			children = (
				F9D124D3F5DBF9DB485B63E1 /* Pods_QXMember.framework */,
			);
			name = Frameworks;
			sourceTree = "<group>";
		};
		881827612508A48E00ED04A8 /* Const */ = {
			isa = PBXGroup;
			children = (
				881827622508A49800ED04A8 /* QXDefine.h */,
			);
			path = Const;
			sourceTree = "<group>";
		};
		8838AD3124FF28FB00A61075 /* QXVip */ = {
			isa = PBXGroup;
			children = (
				8899A42E25070A9600CED478 /* Controller */,
				8899A42F25070A9600CED478 /* Model */,
				8838AD4725007B2000A61075 /* View */,
			);
			path = QXVip;
			sourceTree = "<group>";
		};
		8838AD4725007B2000A61075 /* View */ = {
			isa = PBXGroup;
			children = (
				8838AD3424FF29D100A61075 /* VIPContrainerController.xib */,
				8838AD3924FF2DFB00A61075 /* VIPMembersController.xib */,
				8838AD3E24FF2E1500A61075 /* SVIPMembersController.xib */,
				8838AD4425007B1400A61075 /* MembershipInterestsAlterView.h */,
				8838AD4525007B1400A61075 /* MembershipInterestsAlterView.m */,
				8838AD4825007B3000A61075 /* MembershipInterestsAlterView.xib */,
				8838AD4A2500BE0E00A61075 /* CALayer+Extension.h */,
				8838AD4B2500BE0E00A61075 /* CALayer+Extension.m */,
				881935AB25060ED300E096BB /* MemberCenterHeaderView.h */,
				881935AC25060ED300E096BB /* MemberCenterHeaderView.m */,
				881935AE25060EE000E096BB /* MemberCenterHeaderView.xib */,
				881935B0250611F800E096BB /* MemberCenterCell.h */,
				881935B1250611F800E096BB /* MemberCenterCell.m */,
				881935B2250611F800E096BB /* MemberCenterCell.xib */,
				881827742508CB1100ED04A8 /* TypeSelectView.h */,
				881827752508CB1100ED04A8 /* TypeSelectView.m */,
				881827722508C38D00ED04A8 /* TypeSelectView.xib */,
				88B1DC7A2509D8C400367BE4 /* BaseXibView.h */,
				88B1DC7B2509D8C400367BE4 /* BaseXibView.m */,
			);
			path = View;
			sourceTree = "<group>";
		};
		887F3C7524FDF2B700FDA334 = {
			isa = PBXGroup;
			children = (
				887F3C8024FDF2B700FDA334 /* QXMember */,
				887F3C7F24FDF2B700FDA334 /* Products */,
				8B6FAF46720A51C6A8751A83 /* Pods */,
				0F3B7924B965602EF0ABFF9D /* Frameworks */,
			);
			sourceTree = "<group>";
		};
		887F3C7F24FDF2B700FDA334 /* Products */ = {
			isa = PBXGroup;
			children = (
				887F3C7E24FDF2B700FDA334 /* QXMember.app */,
			);
			name = Products;
			sourceTree = "<group>";
		};
		887F3C8024FDF2B700FDA334 /* QXMember */ = {
			isa = PBXGroup;
			children = (
				881827612508A48E00ED04A8 /* Const */,
				8838AD3124FF28FB00A61075 /* QXVip */,
				887F3C9A24FDF2CA00FDA334 /* Network */,
				887F3C8124FDF2B700FDA334 /* AppDelegate.h */,
				887F3C8224FDF2B700FDA334 /* AppDelegate.m */,
				887F3C8424FDF2B700FDA334 /* SceneDelegate.h */,
				887F3C8524FDF2B700FDA334 /* SceneDelegate.m */,
				887F3C8724FDF2B700FDA334 /* ViewController.h */,
				887F3C8824FDF2B700FDA334 /* ViewController.m */,
				889E3F03250A06600056740B /* MyViewController.h */,
				889E3F04250A06600056740B /* MyViewController.m */,
				887F3C8A24FDF2B700FDA334 /* Main.storyboard */,
				887F3C8D24FDF2B900FDA334 /* Assets.xcassets */,
				887F3C8F24FDF2B900FDA334 /* LaunchScreen.storyboard */,
				887F3C9224FDF2B900FDA334 /* Info.plist */,
				887F3C9324FDF2B900FDA334 /* main.m */,
			);
			path = QXMember;
			sourceTree = "<group>";
		};
		887F3C9A24FDF2CA00FDA334 /* Network */ = {
			isa = PBXGroup;
			children = (
				887F3CAD24FDF62E00FDA334 /* QXApi */,
				887F3CAE24FDF69000FDA334 /* Helper */,
			);
			path = Network;
			sourceTree = "<group>";
		};
		887F3CAD24FDF62E00FDA334 /* QXApi */ = {
			isa = PBXGroup;
			children = (
				887F3CA124FDF2CA00FDA334 /* QXLoginGetSmsCode.h */,
				887F3C9B24FDF2CA00FDA334 /* QXLoginGetSmsCode.m */,
				887F3CA024FDF2CA00FDA334 /* QXLoginSmsApi.h */,
				887F3CA424FDF2CA00FDA334 /* QXLoginSmsApi.m */,
				887F3CA624FDF2CA00FDA334 /* QXFetchUserInfo.h */,
				887F3C9E24FDF2CA00FDA334 /* QXFetchUserInfo.m */,
				881935A525060BC200E096BB /* ApiCollector.h */,
				881935A625060BC200E096BB /* ApiCollector.m */,
			);
			path = QXApi;
			sourceTree = "<group>";
		};
		887F3CAE24FDF69000FDA334 /* Helper */ = {
			isa = PBXGroup;
			children = (
				887F3C9C24FDF2CA00FDA334 /* QXHostNameManager.h */,
				887F3CA324FDF2CA00FDA334 /* QXHostNameManager.m */,
				887F3C9D24FDF2CA00FDA334 /* QXRespone.h */,
				887F3CA224FDF2CA00FDA334 /* QXRespone.m */,
				887F3C9F24FDF2CA00FDA334 /* QXBaseRequest.h */,
				887F3CA524FDF2CA00FDA334 /* QXBaseRequest.m */,
			);
			path = Helper;
			sourceTree = "<group>";
		};
		8899A42E25070A9600CED478 /* Controller */ = {
			isa = PBXGroup;
			children = (
				8838AD3224FF29D100A61075 /* VIPContrainerController.h */,
				8838AD3324FF29D100A61075 /* VIPContrainerController.m */,
				8838AD3724FF2DFB00A61075 /* VIPMembersController.h */,
				8838AD3824FF2DFB00A61075 /* VIPMembersController.m */,
				8838AD3C24FF2E1500A61075 /* SVIPMembersController.h */,
				8838AD3D24FF2E1500A61075 /* SVIPMembersController.m */,
				8838AD812501F10000A61075 /* MemberCenterController.h */,
				8838AD822501F10000A61075 /* MemberCenterController.m */,
				88B1DC842509F8E000367BE4 /* IncomeDetailsController.xib */,
				889E3EFC2509FD930056740B /* IncomeDetailsController.h */,
				889E3EFB2509FD930056740B /* IncomeDetailsController.m */,
				8818275525086C5F00ED04A8 /* IncomeDetailListController.h */,
				8818275625086C5F00ED04A8 /* IncomeDetailListController.m */,
			);
			path = Controller;
			sourceTree = "<group>";
		};
		8899A42F25070A9600CED478 /* Model */ = {
			isa = PBXGroup;
			children = (
			);
			path = Model;
			sourceTree = "<group>";
		};
		8B6FAF46720A51C6A8751A83 /* Pods */ = {
			isa = PBXGroup;
			children = (
				F6E65C2174057F946CA9866D /* Pods-QXMember.debug.xcconfig */,
				6E513B0FAAEB3669C5D4FD1F /* Pods-QXMember.release.xcconfig */,
			);
			path = Pods;
			sourceTree = "<group>";
		};
/* End PBXGroup section */

/* Begin PBXNativeTarget section */
		887F3C7D24FDF2B700FDA334 /* QXMember */ = {
			isa = PBXNativeTarget;
			buildConfigurationList = 887F3C9724FDF2B900FDA334 /* Build configuration list for PBXNativeTarget "QXMember" */;
			buildPhases = (
				C6D29E081A5E68092A8170AC /* [CP] Check Pods Manifest.lock */,
				887F3C7A24FDF2B700FDA334 /* Sources */,
				887F3C7B24FDF2B700FDA334 /* Frameworks */,
				887F3C7C24FDF2B700FDA334 /* Resources */,
				47796592620FFF18D205A745 /* [CP] Embed Pods Frameworks */,
			);
			buildRules = (
			);
			dependencies = (
			);
			name = QXMember;
			productName = QXMember;
			productReference = 887F3C7E24FDF2B700FDA334 /* QXMember.app */;
			productType = "com.apple.product-type.application";
		};
/* End PBXNativeTarget section */

/* Begin PBXProject section */
		887F3C7624FDF2B700FDA334 /* Project object */ = {
			isa = PBXProject;
			attributes = {
				LastUpgradeCheck = 1160;
				ORGANIZATIONNAME = iMac;
				TargetAttributes = {
					887F3C7D24FDF2B700FDA334 = {
						CreatedOnToolsVersion = 11.6;
					};
				};
			};
			buildConfigurationList = 887F3C7924FDF2B700FDA334 /* Build configuration list for PBXProject "QXMember" */;
			compatibilityVersion = "Xcode 9.3";
			developmentRegion = en;
			hasScannedForEncodings = 0;
			knownRegions = (
				en,
				Base,
			);
			mainGroup = 887F3C7524FDF2B700FDA334;
			productRefGroup = 887F3C7F24FDF2B700FDA334 /* Products */;
			projectDirPath = "";
			projectRoot = "";
			targets = (
				887F3C7D24FDF2B700FDA334 /* QXMember */,
			);
		};
/* End PBXProject section */

/* Begin PBXResourcesBuildPhase section */
		887F3C7C24FDF2B700FDA334 /* Resources */ = {
			isa = PBXResourcesBuildPhase;
			buildActionMask = 2147483647;
			files = (
				881827732508C38D00ED04A8 /* TypeSelectView.xib in Resources */,
				881935B4250611F800E096BB /* MemberCenterCell.xib in Resources */,
				881935AF25060EE000E096BB /* MemberCenterHeaderView.xib in Resources */,
				8838AD3624FF29D100A61075 /* VIPContrainerController.xib in Resources */,
				8838AD4024FF2E1500A61075 /* SVIPMembersController.xib in Resources */,
				887F3C9124FDF2B900FDA334 /* LaunchScreen.storyboard in Resources */,
				8838AD3B24FF2DFB00A61075 /* VIPMembersController.xib in Resources */,
				887F3C8E24FDF2B900FDA334 /* Assets.xcassets in Resources */,
				887F3C8C24FDF2B700FDA334 /* Main.storyboard in Resources */,
				88B1DC862509F8E000367BE4 /* IncomeDetailsController.xib in Resources */,
				8838AD4925007B3000A61075 /* MembershipInterestsAlterView.xib in Resources */,
			);
			runOnlyForDeploymentPostprocessing = 0;
		};
/* End PBXResourcesBuildPhase section */

/* Begin PBXShellScriptBuildPhase section */
		47796592620FFF18D205A745 /* [CP] Embed Pods Frameworks */ = {
			isa = PBXShellScriptBuildPhase;
			buildActionMask = 2147483647;
			files = (
			);
			inputFileListPaths = (
				"${PODS_ROOT}/Target Support Files/Pods-QXMember/Pods-QXMember-frameworks-${CONFIGURATION}-input-files.xcfilelist",
			);
			name = "[CP] Embed Pods Frameworks";
			outputFileListPaths = (
				"${PODS_ROOT}/Target Support Files/Pods-QXMember/Pods-QXMember-frameworks-${CONFIGURATION}-output-files.xcfilelist",
			);
			runOnlyForDeploymentPostprocessing = 0;
			shellPath = /bin/sh;
			shellScript = "\"${PODS_ROOT}/Target Support Files/Pods-QXMember/Pods-QXMember-frameworks.sh\"\n";
			showEnvVarsInLog = 0;
		};
		C6D29E081A5E68092A8170AC /* [CP] Check Pods Manifest.lock */ = {
			isa = PBXShellScriptBuildPhase;
			buildActionMask = 2147483647;
			files = (
			);
			inputFileListPaths = (
			);
			inputPaths = (
				"${PODS_PODFILE_DIR_PATH}/Podfile.lock",
				"${PODS_ROOT}/Manifest.lock",
			);
			name = "[CP] Check Pods Manifest.lock";
			outputFileListPaths = (
			);
			outputPaths = (
				"$(DERIVED_FILE_DIR)/Pods-QXMember-checkManifestLockResult.txt",
			);
			runOnlyForDeploymentPostprocessing = 0;
			shellPath = /bin/sh;
			shellScript = "diff \"${PODS_PODFILE_DIR_PATH}/Podfile.lock\" \"${PODS_ROOT}/Manifest.lock\" > /dev/null\nif [ $? != 0 ] ; then\n    # print error to STDERR\n    echo \"error: The sandbox is not in sync with the Podfile.lock. Run 'pod install' or update your CocoaPods installation.\" >&2\n    exit 1\nfi\n# This output is used by Xcode 'outputs' to avoid re-running this script phase.\necho \"SUCCESS\" > \"${SCRIPT_OUTPUT_FILE_0}\"\n";
			showEnvVarsInLog = 0;
		};
/* End PBXShellScriptBuildPhase section */

/* Begin PBXSourcesBuildPhase section */
		887F3C7A24FDF2B700FDA334 /* Sources */ = {
			isa = PBXSourcesBuildPhase;
			buildActionMask = 2147483647;
			files = (
				881935AD25060ED300E096BB /* MemberCenterHeaderView.m in Sources */,
				8838AD842501F10000A61075 /* MemberCenterController.m in Sources */,
				8838AD3524FF29D100A61075 /* VIPContrainerController.m in Sources */,
				8838AD4C2500BE0E00A61075 /* CALayer+Extension.m in Sources */,
				8818275725086C5F00ED04A8 /* IncomeDetailListController.m in Sources */,
				881827762508CB1100ED04A8 /* TypeSelectView.m in Sources */,
				887F3CAB24FDF5E100FDA334 /* QXLoginSmsApi.m in Sources */,
				887F3CA924FDF3D600FDA334 /* QXRespone.m in Sources */,
				889E3EFD2509FD930056740B /* IncomeDetailsController.m in Sources */,
				88B1DC7C2509D8C400367BE4 /* BaseXibView.m in Sources */,
				881935A725060BC200E096BB /* ApiCollector.m in Sources */,
				887F3CA824FDF3CF00FDA334 /* QXLoginGetSmsCode.m in Sources */,
				887F3CAA24FDF3DC00FDA334 /* QXFetchUserInfo.m in Sources */,
				8838AD4625007B1400A61075 /* MembershipInterestsAlterView.m in Sources */,
				8838AD3F24FF2E1500A61075 /* SVIPMembersController.m in Sources */,
				887F3CA724FDF3C700FDA334 /* QXHostNameManager.m in Sources */,
				887F3C8924FDF2B700FDA334 /* ViewController.m in Sources */,
				8838AD3A24FF2DFB00A61075 /* VIPMembersController.m in Sources */,
				887F3C8324FDF2B700FDA334 /* AppDelegate.m in Sources */,
				889E3F05250A06600056740B /* MyViewController.m in Sources */,
				881935B3250611F800E096BB /* MemberCenterCell.m in Sources */,
				887F3C9424FDF2B900FDA334 /* main.m in Sources */,
				887F3C8624FDF2B700FDA334 /* SceneDelegate.m in Sources */,
				887F3CAC24FDF5E300FDA334 /* QXBaseRequest.m in Sources */,
			);
			runOnlyForDeploymentPostprocessing = 0;
		};
/* End PBXSourcesBuildPhase section */

/* Begin PBXVariantGroup section */
		887F3C8A24FDF2B700FDA334 /* Main.storyboard */ = {
			isa = PBXVariantGroup;
			children = (
				887F3C8B24FDF2B700FDA334 /* Base */,
			);
			name = Main.storyboard;
			sourceTree = "<group>";
		};
		887F3C8F24FDF2B900FDA334 /* LaunchScreen.storyboard */ = {
			isa = PBXVariantGroup;
			children = (
				887F3C9024FDF2B900FDA334 /* Base */,
			);
			name = LaunchScreen.storyboard;
			sourceTree = "<group>";
		};
/* End PBXVariantGroup section */

/* Begin XCBuildConfiguration section */
		887F3C9524FDF2B900FDA334 /* Debug */ = {
			isa = XCBuildConfiguration;
			buildSettings = {
				ALWAYS_SEARCH_USER_PATHS = NO;
				CLANG_ANALYZER_NONNULL = YES;
				CLANG_ANALYZER_NUMBER_OBJECT_CONVERSION = YES_AGGRESSIVE;
				CLANG_CXX_LANGUAGE_STANDARD = "gnu++14";
				CLANG_CXX_LIBRARY = "libc++";
				CLANG_ENABLE_MODULES = YES;
				CLANG_ENABLE_OBJC_ARC = YES;
				CLANG_ENABLE_OBJC_WEAK = YES;
				CLANG_WARN_BLOCK_CAPTURE_AUTORELEASING = YES;
				CLANG_WARN_BOOL_CONVERSION = YES;
				CLANG_WARN_COMMA = YES;
				CLANG_WARN_CONSTANT_CONVERSION = YES;
				CLANG_WARN_DEPRECATED_OBJC_IMPLEMENTATIONS = YES;
				CLANG_WARN_DIRECT_OBJC_ISA_USAGE = YES_ERROR;
				CLANG_WARN_DOCUMENTATION_COMMENTS = YES;
				CLANG_WARN_EMPTY_BODY = YES;
				CLANG_WARN_ENUM_CONVERSION = YES;
				CLANG_WARN_INFINITE_RECURSION = YES;
				CLANG_WARN_INT_CONVERSION = YES;
				CLANG_WARN_NON_LITERAL_NULL_CONVERSION = YES;
				CLANG_WARN_OBJC_IMPLICIT_RETAIN_SELF = YES;
				CLANG_WARN_OBJC_LITERAL_CONVERSION = YES;
				CLANG_WARN_OBJC_ROOT_CLASS = YES_ERROR;
				CLANG_WARN_RANGE_LOOP_ANALYSIS = YES;
				CLANG_WARN_STRICT_PROTOTYPES = YES;
				CLANG_WARN_SUSPICIOUS_MOVE = YES;
				CLANG_WARN_UNGUARDED_AVAILABILITY = YES_AGGRESSIVE;
				CLANG_WARN_UNREACHABLE_CODE = YES;
				CLANG_WARN__DUPLICATE_METHOD_MATCH = YES;
				COPY_PHASE_STRIP = NO;
				DEBUG_INFORMATION_FORMAT = dwarf;
				ENABLE_STRICT_OBJC_MSGSEND = YES;
				ENABLE_TESTABILITY = YES;
				GCC_C_LANGUAGE_STANDARD = gnu11;
				GCC_DYNAMIC_NO_PIC = NO;
				GCC_NO_COMMON_BLOCKS = YES;
				GCC_OPTIMIZATION_LEVEL = 0;
				GCC_PREPROCESSOR_DEFINITIONS = (
					"DEBUG=1",
					"$(inherited)",
				);
				GCC_WARN_64_TO_32_BIT_CONVERSION = YES;
				GCC_WARN_ABOUT_RETURN_TYPE = YES_ERROR;
				GCC_WARN_UNDECLARED_SELECTOR = YES;
				GCC_WARN_UNINITIALIZED_AUTOS = YES_AGGRESSIVE;
				GCC_WARN_UNUSED_FUNCTION = YES;
				GCC_WARN_UNUSED_VARIABLE = YES;
				IPHONEOS_DEPLOYMENT_TARGET = 13.6;
				MTL_ENABLE_DEBUG_INFO = INCLUDE_SOURCE;
				MTL_FAST_MATH = YES;
				ONLY_ACTIVE_ARCH = YES;
				SDKROOT = iphoneos;
			};
			name = Debug;
		};
		887F3C9624FDF2B900FDA334 /* Release */ = {
			isa = XCBuildConfiguration;
			buildSettings = {
				ALWAYS_SEARCH_USER_PATHS = NO;
				CLANG_ANALYZER_NONNULL = YES;
				CLANG_ANALYZER_NUMBER_OBJECT_CONVERSION = YES_AGGRESSIVE;
				CLANG_CXX_LANGUAGE_STANDARD = "gnu++14";
				CLANG_CXX_LIBRARY = "libc++";
				CLANG_ENABLE_MODULES = YES;
				CLANG_ENABLE_OBJC_ARC = YES;
				CLANG_ENABLE_OBJC_WEAK = YES;
				CLANG_WARN_BLOCK_CAPTURE_AUTORELEASING = YES;
				CLANG_WARN_BOOL_CONVERSION = YES;
				CLANG_WARN_COMMA = YES;
				CLANG_WARN_CONSTANT_CONVERSION = YES;
				CLANG_WARN_DEPRECATED_OBJC_IMPLEMENTATIONS = YES;
				CLANG_WARN_DIRECT_OBJC_ISA_USAGE = YES_ERROR;
				CLANG_WARN_DOCUMENTATION_COMMENTS = YES;
				CLANG_WARN_EMPTY_BODY = YES;
				CLANG_WARN_ENUM_CONVERSION = YES;
				CLANG_WARN_INFINITE_RECURSION = YES;
				CLANG_WARN_INT_CONVERSION = YES;
				CLANG_WARN_NON_LITERAL_NULL_CONVERSION = YES;
				CLANG_WARN_OBJC_IMPLICIT_RETAIN_SELF = YES;
				CLANG_WARN_OBJC_LITERAL_CONVERSION = YES;
				CLANG_WARN_OBJC_ROOT_CLASS = YES_ERROR;
				CLANG_WARN_RANGE_LOOP_ANALYSIS = YES;
				CLANG_WARN_STRICT_PROTOTYPES = YES;
				CLANG_WARN_SUSPICIOUS_MOVE = YES;
				CLANG_WARN_UNGUARDED_AVAILABILITY = YES_AGGRESSIVE;
				CLANG_WARN_UNREACHABLE_CODE = YES;
				CLANG_WARN__DUPLICATE_METHOD_MATCH = YES;
				COPY_PHASE_STRIP = NO;
				DEBUG_INFORMATION_FORMAT = "dwarf-with-dsym";
				ENABLE_NS_ASSERTIONS = NO;
				ENABLE_STRICT_OBJC_MSGSEND = YES;
				GCC_C_LANGUAGE_STANDARD = gnu11;
				GCC_NO_COMMON_BLOCKS = YES;
				GCC_WARN_64_TO_32_BIT_CONVERSION = YES;
				GCC_WARN_ABOUT_RETURN_TYPE = YES_ERROR;
				GCC_WARN_UNDECLARED_SELECTOR = YES;
				GCC_WARN_UNINITIALIZED_AUTOS = YES_AGGRESSIVE;
				GCC_WARN_UNUSED_FUNCTION = YES;
				GCC_WARN_UNUSED_VARIABLE = YES;
				IPHONEOS_DEPLOYMENT_TARGET = 13.6;
				MTL_ENABLE_DEBUG_INFO = NO;
				MTL_FAST_MATH = YES;
				SDKROOT = iphoneos;
				VALIDATE_PRODUCT = YES;
			};
			name = Release;
		};
		887F3C9824FDF2B900FDA334 /* Debug */ = {
			isa = XCBuildConfiguration;
			baseConfigurationReference = F6E65C2174057F946CA9866D /* Pods-QXMember.debug.xcconfig */;
			buildSettings = {
				ASSETCATALOG_COMPILER_APPICON_NAME = AppIcon;
				CODE_SIGN_STYLE = Automatic;
				DEVELOPMENT_TEAM = 6M4LY7GG37;
				INFOPLIST_FILE = QXMember/Info.plist;
				IPHONEOS_DEPLOYMENT_TARGET = 9.0;
				LD_RUNPATH_SEARCH_PATHS = (
					"$(inherited)",
					"@executable_path/Frameworks",
				);
				PRODUCT_BUNDLE_IDENTIFIER = test.QXMember;
				PRODUCT_NAME = "$(TARGET_NAME)";
				TARGETED_DEVICE_FAMILY = 1;
			};
			name = Debug;
		};
		887F3C9924FDF2B900FDA334 /* Release */ = {
			isa = XCBuildConfiguration;
			baseConfigurationReference = 6E513B0FAAEB3669C5D4FD1F /* Pods-QXMember.release.xcconfig */;
			buildSettings = {
				ASSETCATALOG_COMPILER_APPICON_NAME = AppIcon;
				CODE_SIGN_STYLE = Automatic;
				DEVELOPMENT_TEAM = 6M4LY7GG37;
				INFOPLIST_FILE = QXMember/Info.plist;
				IPHONEOS_DEPLOYMENT_TARGET = 9.0;
				LD_RUNPATH_SEARCH_PATHS = (
					"$(inherited)",
					"@executable_path/Frameworks",
				);
				PRODUCT_BUNDLE_IDENTIFIER = test.QXMember;
				PRODUCT_NAME = "$(TARGET_NAME)";
				TARGETED_DEVICE_FAMILY = 1;
			};
			name = Release;
		};
/* End XCBuildConfiguration section */

/* Begin XCConfigurationList section */
		887F3C7924FDF2B700FDA334 /* Build configuration list for PBXProject "QXMember" */ = {
			isa = XCConfigurationList;
			buildConfigurations = (
				887F3C9524FDF2B900FDA334 /* Debug */,
				887F3C9624FDF2B900FDA334 /* Release */,
			);
			defaultConfigurationIsVisible = 0;
			defaultConfigurationName = Release;
		};
		887F3C9724FDF2B900FDA334 /* Build configuration list for PBXNativeTarget "QXMember" */ = {
			isa = XCConfigurationList;
			buildConfigurations = (
				887F3C9824FDF2B900FDA334 /* Debug */,
				887F3C9924FDF2B900FDA334 /* Release */,
			);
			defaultConfigurationIsVisible = 0;
			defaultConfigurationName = Release;
		};
/* End XCConfigurationList section */
	};
	rootObject = 887F3C7624FDF2B700FDA334 /* Project object */;
}
